
Microsoft Visual Studio Solution File, Format Version 12.00
# Visual Studio 15
VisualStudioVersion = 15.0.26730.16
MinimumVisualStudioVersion = 10.0.40219.1
Project("{9A19103F-16F7-4668-BE54-9A1E7A4F7556}") = "RaceDay", "RaceDay\RaceDay\RaceDay.csproj", "{20874169-E8EE-4796-86B9-2BA1C4F3A777}"
EndProject
Project("{FAE04EC0-301F-11D3-BF4B-00C04F79EFBC}") = "RaceDay.Droid", "RaceDay\RaceDay.Droid\RaceDay.Droid.csproj", "{53E0A6CB-102F-4C70-B0B4-DE7E617575C1}"
EndProject
Project("{FAE04EC0-301F-11D3-BF4B-00C04F79EFBC}") = "RaceDay.iOS", "RaceDay\RaceDay.iOS\RaceDay.iOS.csproj", "{31B7EDE4-5045-4286-8E79-9648D964AB28}"
EndProject
Global
	GlobalSection(SolutionConfigurationPlatforms) = preSolution
		Debug|Any CPU = Debug|Any CPU
		Debug|ARM = Debug|ARM
		Debug|iPhone = Debug|iPhone
		Debug|iPhoneSimulator = Debug|iPhoneSimulator
		Debug|x64 = Debug|x64
		Debug|x86 = Debug|x86
		Release|Any CPU = Release|Any CPU
		Release|ARM = Release|ARM
		Release|iPhone = Release|iPhone
		Release|iPhoneSimulator = Release|iPhoneSimulator
		Release|x64 = Release|x64
		Release|x86 = Release|x86
	EndGlobalSection
	GlobalSection(ProjectConfigurationPlatforms) = postSolution
		{20874169-E8EE-4796-86B9-2BA1C4F3A777}.Debug|Any CPU.ActiveCfg = Debug|Any CPU
		{20874169-E8EE-4796-86B9-2BA1C4F3A777}.Debug|Any CPU.Build.0 = Debug|Any CPU
		{20874169-E8EE-4796-86B9-2BA1C4F3A777}.Debug|ARM.ActiveCfg = Debug|Any CPU
		{20874169-E8EE-4796-86B9-2BA1C4F3A777}.Debug|ARM.Build.0 = Debug|Any CPU
		{20874169-E8EE-4796-86B9-2BA1C4F3A777}.Debug|iPhone.ActiveCfg = Debug|Any CPU
		{20874169-E8EE-4796-86B9-2BA1C4F3A777}.Debug|iPhone.Build.0 = Debug|Any CPU
		{20874169-E8EE-4796-86B9-2BA1C4F3A777}.Debug|iPhoneSimulator.ActiveCfg = Debug|Any CPU
		{20874169-E8EE-4796-86B9-2BA1C4F3A777}.Debug|iPhoneSimulator.Build.0 = Debug|Any CPU
		{20874169-E8EE-4796-86B9-2BA1C4F3A777}.Debug|x64.ActiveCfg = Debug|Any CPU
		{20874169-E8EE-4796-86B9-2BA1C4F3A777}.Debug|x64.Build.0 = Debug|Any CPU
		{20874169-E8EE-4796-86B9-2BA1C4F3A777}.Debug|x86.ActiveCfg = Debug|Any CPU
		{20874169-E8EE-4796-86B9-2BA1C4F3A777}.Debug|x86.Build.0 = Debug|Any CPU
		{20874169-E8EE-4796-86B9-2BA1C4F3A777}.Release|Any CPU.ActiveCfg = Release|Any CPU
		{20874169-E8EE-4796-86B9-2BA1C4F3A777}.Release|Any CPU.Build.0 = Release|Any CPU
		{20874169-E8EE-4796-86B9-2BA1C4F3A777}.Release|ARM.ActiveCfg = Release|Any CPU
		{20874169-E8EE-4796-86B9-2BA1C4F3A777}.Release|ARM.Build.0 = Release|Any CPU
		{20874169-E8EE-4796-86B9-2BA1C4F3A777}.Release|iPhone.ActiveCfg = Release|Any CPU
		{20874169-E8EE-4796-86B9-2BA1C4F3A777}.Release|iPhone.Build.0 = Release|Any CPU
		{20874169-E8EE-4796-86B9-2BA1C4F3A777}.Release|iPhoneSimulator.ActiveCfg = Release|Any CPU
		{20874169-E8EE-4796-86B9-2BA1C4F3A777}.Release|iPhoneSimulator.Build.0 = Release|Any CPU
		{20874169-E8EE-4796-86B9-2BA1C4F3A777}.Release|x64.ActiveCfg = Release|Any CPU
		{20874169-E8EE-4796-86B9-2BA1C4F3A777}.Release|x64.Build.0 = Release|Any CPU
		{20874169-E8EE-4796-86B9-2BA1C4F3A777}.Release|x86.ActiveCfg = Release|Any CPU
		{20874169-E8EE-4796-86B9-2BA1C4F3A777}.Release|x86.Build.0 = Release|Any CPU
		{53E0A6CB-102F-4C70-B0B4-DE7E617575C1}.Debug|Any CPU.ActiveCfg = Debug|Any CPU
		{53E0A6CB-102F-4C70-B0B4-DE7E617575C1}.Debug|Any CPU.Build.0 = Debug|Any CPU
		{53E0A6CB-102F-4C70-B0B4-DE7E617575C1}.Debug|Any CPU.Deploy.0 = Debug|Any CPU
		{53E0A6CB-102F-4C70-B0B4-DE7E617575C1}.Debug|ARM.ActiveCfg = Debug|Any CPU
		{53E0A6CB-102F-4C70-B0B4-DE7E617575C1}.Debug|ARM.Build.0 = Debug|Any CPU
		{53E0A6CB-102F-4C70-B0B4-DE7E617575C1}.Debug|ARM.Deploy.0 = Debug|Any CPU
		{53E0A6CB-102F-4C70-B0B4-DE7E617575C1}.Debug|iPhone.ActiveCfg = Debug|Any CPU
		{53E0A6CB-102F-4C70-B0B4-DE7E617575C1}.Debug|iPhoneSimulator.ActiveCfg = Debug|Any CPU
		{53E0A6CB-102F-4C70-B0B4-DE7E617575C1}.Debug|x64.ActiveCfg = Debug|Any CPU
		{53E0A6CB-102F-4C70-B0B4-DE7E617575C1}.Debug|x64.Build.0 = Debug|Any CPU
		{53E0A6CB-102F-4C70-B0B4-DE7E617575C1}.Debug|x64.Deploy.0 = Debug|Any CPU
		{53E0A6CB-102F-4C70-B0B4-DE7E617575C1}.Debug|x86.ActiveCfg = Debug|Any CPU
		{53E0A6CB-102F-4C70-B0B4-DE7E617575C1}.Debug|x86.Build.0 = Debug|Any CPU
		{53E0A6CB-102F-4C70-B0B4-DE7E617575C1}.Debug|x86.Deploy.0 = Debug|Any CPU
		{53E0A6CB-102F-4C70-B0B4-DE7E617575C1}.Release|Any CPU.ActiveCfg = Release|Any CPU
		{53E0A6CB-102F-4C70-B0B4-DE7E617575C1}.Release|Any CPU.Build.0 = Release|Any CPU
		{53E0A6CB-102F-4C70-B0B4-DE7E617575C1}.Release|Any CPU.Deploy.0 = Release|Any CPU
		{53E0A6CB-102F-4C70-B0B4-DE7E617575C1}.Release|ARM.ActiveCfg = Release|Any CPU
		{53E0A6CB-102F-4C70-B0B4-DE7E617575C1}.Release|ARM.Build.0 = Release|Any CPU
		{53E0A6CB-102F-4C70-B0B4-DE7E617575C1}.Release|ARM.Deploy.0 = Release|Any CPU
		{53E0A6CB-102F-4C70-B0B4-DE7E617575C1}.Release|iPhone.ActiveCfg = Release|Any CPU
		{53E0A6CB-102F-4C70-B0B4-DE7E617575C1}.Release|iPhoneSimulator.ActiveCfg = Release|Any CPU
		{53E0A6CB-102F-4C70-B0B4-DE7E617575C1}.Release|x64.ActiveCfg = Release|Any CPU
		{53E0A6CB-102F-4C70-B0B4-DE7E617575C1}.Release|x64.Build.0 = Release|Any CPU
		{53E0A6CB-102F-4C70-B0B4-DE7E617575C1}.Release|x64.Deploy.0 = Release|Any CPU
		{53E0A6CB-102F-4C70-B0B4-DE7E617575C1}.Release|x86.ActiveCfg = Release|Any CPU
		{53E0A6CB-102F-4C70-B0B4-DE7E617575C1}.Release|x86.Build.0 = Release|Any CPU
		{53E0A6CB-102F-4C70-B0B4-DE7E617575C1}.Release|x86.Deploy.0 = Release|Any CPU
		{31B7EDE4-5045-4286-8E79-9648D964AB28}.Debug|Any CPU.ActiveCfg = Debug|iPhoneSimulator
		{31B7EDE4-5045-4286-8E79-9648D964AB28}.Debug|ARM.ActiveCfg = Debug|iPhone
		{31B7EDE4-5045-4286-8E79-9648D964AB28}.Debug|iPhone.ActiveCfg = Debug|iPhone
		{31B7EDE4-5045-4286-8E79-9648D964AB28}.Debug|iPhone.Build.0 = Debug|iPhone
		{31B7EDE4-5045-4286-8E79-9648D964AB28}.Debug|iPhoneSimulator.ActiveCfg = Debug|iPhoneSimulator
		{31B7EDE4-5045-4286-8E79-9648D964AB28}.Debug|iPhoneSimulator.Build.0 = Debug|iPhoneSimulator
		{31B7EDE4-5045-4286-8E79-9648D964AB28}.Debug|x64.ActiveCfg = Debug|iPhone
		{31B7EDE4-5045-4286-8E79-9648D964AB28}.Debug|x86.ActiveCfg = Debug|iPhone
		{31B7EDE4-5045-4286-8E79-9648D964AB28}.Release|Any CPU.ActiveCfg = Release|iPhone
		{31B7EDE4-5045-4286-8E79-9648D964AB28}.Release|ARM.ActiveCfg = Release|iPhone
		{31B7EDE4-5045-4286-8E79-9648D964AB28}.Release|iPhone.ActiveCfg = Release|iPhone
		{31B7EDE4-5045-4286-8E79-9648D964AB28}.Release|iPhone.Build.0 = Release|iPhone
		{31B7EDE4-5045-4286-8E79-9648D964AB28}.Release|iPhoneSimulator.ActiveCfg = Release|iPhoneSimulator
		{31B7EDE4-5045-4286-8E79-9648D964AB28}.Release|iPhoneSimulator.Build.0 = Release|iPhoneSimulator
		{31B7EDE4-5045-4286-8E79-9648D964AB28}.Release|x64.ActiveCfg = Release|iPhone
		{31B7EDE4-5045-4286-8E79-9648D964AB28}.Release|x86.ActiveCfg = Release|iPhone
	EndGlobalSection
	GlobalSection(SolutionProperties) = preSolution
		HideSolutionNode = FALSE
	EndGlobalSection
	GlobalSection(ExtensibilityGlobals) = postSolution
		SolutionGuid = {DBF63C05-AB20-4194-9431-C1E2520F7ACF}
	EndGlobalSection
EndGlobal
